{
  "name": "blockchain-social-network",
  "version": "1.0.0",
  "lockfileVersion": 1,
  "requires": true,
  "dependencies": {
    "@babel/polyfill": {
      "version": "7.4.3",
      "resolved": "https://registry.npmjs.org/@babel/polyfill/-/polyfill-7.4.3.tgz",
      "integrity": "sha512-rkv8WIvJshA5Ev8iNMGgz5WZkRtgtiPexiT7w5qevGTuT7ZBfM3de9ox1y9JR5/OXb/sWGBbWlHNa7vQKqku3Q==",
      "requires": {
        "core-js": "^2.6.5",
        "regenerator-runtime": "^0.13.2"
      }
    },
    "@blockmason/link-sdk": {
      "version": "0.1.4",
      "resolved": "https://registry.npmjs.org/@blockmason/link-sdk/-/link-sdk-0.1.4.tgz",
      "integrity": "sha512-6WSHSBs+tB9kSGodmdv5Dg7kmr/T1Oa4HkgOVyJg5hJmxtaOki+q+UuTOihY6sfjle/B9SfK+aShfzAfMq1biQ==",
      "requires": {
        "@babel/polyfill": "7.4.3"
      }
    },
    "core-js": {
      "version": "2.6.9",
      "resolved": "https://registry.npmjs.org/core-js/-/core-js-2.6.9.tgz",
      "integrity": "sha512-HOpZf6eXmnl7la+cUdMnLvUxKNqLUzJvgIziQ0DiF3JwSImNphIqdGqzj6hIKyX04MmV0poclQ7+wjWvxQyR2A=="
    },
    "dotenv": {
      "version": "8.0.0",
      "resolved": "https://registry.npmjs.org/dotenv/-/dotenv-8.0.0.tgz",
      "integrity": "sha512-30xVGqjLjiUOArT4+M5q9sYdvuR4riM6yK9wMcas9Vbp6zZa+ocC9dp6QoftuhTPhFAiLK/0C5Ni2nou/Bk8lg=="
    },
    "node-fetch": {
      "version": "2.6.0",
      "resolved": "https://registry.npmjs.org/node-fetch/-/node-fetch-2.6.0.tgz",
      "integrity": "sha512-8dG4H5ujfvFiqDmVu9fQ5bOHUC15JMjMY/Zumv26oOvvVJjM67KF8koCWIabKQ1GJIa9r2mMZscBq/TbdOcmNA=="
    },
    "regenerator-runtime": {
      "version": "0.13.2",
      "resolved": "https://registry.npmjs.org/regenerator-runtime/-/regenerator-runtime-0.13.2.tgz",
      "integrity": "sha512-S/TQAZJO+D3m9xeN1WTI8dLKBBiRgXBlTJvbWjCThHWZj9EvHK70Ff50/tYj2J/fvBY6JtFVwRuazHN2E7M9BA=="
    }
  }
}
